
Microsoft Visual Studio Solution File, Format Version 12.00
# Visual Studio 15
Project("{FAE04EC0-301F-11D3-BF4B-00C04F79EFBC}") = "Assembly-CSharp-firstpass", "Assembly-CSharp-firstpass.csproj", "{818B3C69-3EB9-0A85-6AC8-7EEC068B62B5}"
EndProject
Project("{FAE04EC0-301F-11D3-BF4B-00C04F79EFBC}") = "Assembly-CSharp", "Assembly-CSharp.csproj", "{07145311-E954-3FEF-D75D-ED02DD2548B6}"
EndProject
Project("{FAE04EC0-301F-11D3-BF4B-00C04F79EFBC}") = "Tests", "Tests.csproj", "{483F9580-7943-0C8A-BB43-13024DCEC3E7}"
EndProject
Global
	GlobalSection(SolutionConfigurationPlatforms) = preSolution
		Debug|Any CPU = Debug|Any CPU
		Release|Any CPU = Release|Any CPU
	EndGlobalSection
	GlobalSection(ProjectConfigurationPlatforms) = postSolution
		{818B3C69-3EB9-0A85-6AC8-7EEC068B62B5}.Debug|Any CPU.ActiveCfg = Debug|Any CPU
		{818B3C69-3EB9-0A85-6AC8-7EEC068B62B5}.Debug|Any CPU.Build.0 = Debug|Any CPU
		{818B3C69-3EB9-0A85-6AC8-7EEC068B62B5}.Release|Any CPU.ActiveCfg = Release|Any CPU
		{818B3C69-3EB9-0A85-6AC8-7EEC068B62B5}.Release|Any CPU.Build.0 = Release|Any CPU
		{07145311-E954-3FEF-D75D-ED02DD2548B6}.Debug|Any CPU.ActiveCfg = Debug|Any CPU
		{07145311-E954-3FEF-D75D-ED02DD2548B6}.Debug|Any CPU.Build.0 = Debug|Any CPU
		{07145311-E954-3FEF-D75D-ED02DD2548B6}.Release|Any CPU.ActiveCfg = Release|Any CPU
		{07145311-E954-3FEF-D75D-ED02DD2548B6}.Release|Any CPU.Build.0 = Release|Any CPU
		{483F9580-7943-0C8A-BB43-13024DCEC3E7}.Debug|Any CPU.ActiveCfg = Debug|Any CPU
		{483F9580-7943-0C8A-BB43-13024DCEC3E7}.Debug|Any CPU.Build.0 = Debug|Any CPU
		{483F9580-7943-0C8A-BB43-13024DCEC3E7}.Release|Any CPU.ActiveCfg = Release|Any CPU
		{483F9580-7943-0C8A-BB43-13024DCEC3E7}.Release|Any CPU.Build.0 = Release|Any CPU
	EndGlobalSection
	GlobalSection(SolutionProperties) = preSolution
		HideSolutionNode = FALSE
	EndGlobalSection
EndGlobal
